PODS:
  - Alamofire (1.1.4)
  - SwiftyJSON (2.1.3)

DEPENDENCIES:
  - Alamofire (from `https://github.com/Alamofire/Alamofire/`, branch `xcode-6.3`)
  - SwiftyJSON

EXTERNAL SOURCES:
  Alamofire:
    :branch: xcode-6.3
    :git: https://github.com/Alamofire/Alamofire/

CHECKOUT OPTIONS:
  Alamofire:
    :commit: 2ff5749ffc0425f05a1411b5b6fd2c25241b5b14
    :git: https://github.com/Alamofire/Alamofire/

SPEC CHECKSUMS:
  Alamofire: 6a2cbaebe78a6d469bc55ee37f0a24ba22af76ac
  SwiftyJSON: 48be7490a3989a58a3f511cd54167f0a2b466e76

COCOAPODS: 0.36.3
